Microsoft Visual Studio Solution File, Format Version 12.00
# Visual Studio 2013
Pr
Project("{2150E333-8FDC-42A3-9474-1A3956D46DE8}") = "c-api", "c-api", "{34201539-A9E0-366C-98E3-867E65FDDBF5}"
EndProject
Project("{2150E333-8FDC-42A3-9474-1A3956D46DE8}") = "cpp-api", "cpp-api", "{343EE44C-6CA5-30A6-82B2-2AF8EEFC9CEE}"
EndProject
Project("{2150E333-8FDC-42A3-9474-1A3956D46DE8}") = "sfml", "sfml", "{BD29F6A7-4A56-328C-B394-30CFE5403DDD}"
EndProject
Section
EndProject
Project("{8BC9CEB8-8B4A-11D0-8D11-00A0C91BC942}") = "BodyReaderPoll", "c-api\BodyReaderPoll\BodyReaderPoll.vcxproj", "{8F46A774-3841-3C1A-9EC5-73C123ABB050}"
	ProjectSection(ProjectDependencies) = postProject
		{51C927C7-43D8-45E9-ABA1-036682A3FF1B} = {51C927C7-43D8-45E9-ABA1-036682A3FF1B}
	EndProjectSection
EndProject
Project("{8BC9CEB8-8B4A-11D0-8D11-00A0C91BC942}") = "ColorReaderEvent", "c-api\ColorReaderEvent\ColorReaderEvent.vcxproj", "{0D93A8D3-155E-30CC-8F53-6E87B9EE4E0C}"
	ProjectSection(ProjectDependencies) = postProject
		{51C927C7-43D8-45E9-ABA1-036682A3FF1B} = {51C927C7-43D8-45E9-ABA1-036682A3FF1B}
	EndProjectSection
EndProject
Project("{8BC9CEB8-8B4A-11D0-8D11-00A0C91BC942}") = "ColorReaderEventCPP", "cpp-api\ColorReaderEventCPP\ColorReaderEventCPP.vcxproj", "{F113F28A-7634-3DE5-94A4-6B57302F1346}"
	ProjectSection(ProjectDependencies) = postProject
		{51C927C7-43D8-45E9-ABA1-036682A3FF1B} = {51C927C7-43D8-45E9-ABA1-036682A3FF1B}
	EndProjectSection
EndProject
Project("{8BC9CEB8-8B4A-11D0-8D11-00A0C91BC942}") = "ColorReaderPoll", "c-api\ColorReaderPoll\ColorReaderPoll.vcxproj", "{A9B90FE1-BE9C-3DD3-9A25-B6EA282DF7A4}"
	ProjectSection(ProjectDependencies) = postProject
		{51C927C7-43D8-45E9-ABA1-036682A3FF1B} = {51C927C7-43D8-45E9-ABA1-036682A3FF1B}
	EndProjectSection
EndProject
Project("{8BC9CEB8-8B4A-11D0-8D11-00A0C91BC942}") = "ColorizedBodyViewer-SFML", "sfml\ColorizedBodyViewer-SFML\ColorizedBodyViewer-SFML.vcxproj", "{76148C40-7141-3987-82CE-4277CDAE6C21}"
	ProjectSection(ProjectDependencies) = postProject
		{51C927C7-43D8-45E9-ABA1-036682A3FF1B} = {51C927C7-43D8-45E9-ABA1-036682A3FF1B}
	EndProjectSection
EndProject
Project("{8BC9CEB8-8B4A-11D0-8D11-00A0C91BC942}") = "DepthReaderEvent", "c-api\DepthReaderEvent\DepthReaderEvent.vcxproj", "{93CAF843-DAF9-4F83-B54A-5540ACF9DD42}"
	ProjectSection(ProjectDependencies) = postProject
		{51C927C7-43D8-45E9-ABA1-036682A3FF1B} = {51C927C7-43D8-45E9-ABA1-036682A3FF1B}
	EndProjectSection
EndProject
Project("{8BC9CEB8-8B4A-11D0-8D11-00A0C91BC942}") = "DepthReaderEventCPP", "cpp-api\DepthReaderEventCPP\DepthReaderEventCPP.vcxproj", "{48562640-DF15-3BBA-B2D0-165AA7A07EA8}"
	ProjectSection(ProjectDependencies) = postProject
		{51C927C7-43D8-45E9-ABA1-036682A3FF1B} = {51C927C7-43D8-45E9-ABA1-036682A3FF1B}
	EndProjectSection
EndProject
Project("{8BC9CEB8-8B4A-11D0-8D11-00A0C91BC942}") = "DepthReaderPoll", "c-api\DepthReaderPoll\DepthReaderPoll.vcxproj", "{126FABAF-D545-33CE-B941-27D39B8F61C7}"
	ProjectSection(ProjectDependencies) = postProject
		{51C927C7-43D8-45E9-ABA1-036682A3FF1B} = {51C927C7-43D8-45E9-ABA1-036682A3FF1B}
	EndProjectSection
EndProject
Project("{8BC9CEB8-8B4A-11D0-8D11-00A0C91BC942}") = "InfraredReaderEvent", "c-api\InfraredReaderEvent\InfraredReaderEvent.vcxproj", "{C3B9DA8D-C7F2-3CCA-8942-828A9266B6F8}"
	ProjectSection(ProjectDependencies) = postProject
		{51C927C7-43D8-45E9-ABA1-036682A3FF1B} = {51C927C7-43D8-45E9-ABA1-036682A3FF1B}
	EndProjectSection
EndProject
Project("{8BC9CEB8-8B4A-11D0-8D11-00A0C91BC942}") = "InfraredReaderPoll", "c-api\InfraredReaderPoll\InfraredReaderPoll.vcxproj", "{39970281-6DB9-3039-B82C-2B32E9DD2D7E}"
	ProjectSection(ProjectDependencies) = postProject
		{51C927C7-43D8-45E9-ABA1-036682A3FF1B} = {51C927C7-43D8-45E9-ABA1-036682A3FF1B}
	EndProjectSection
EndProject
Project("{8BC9CEB8-8B4A-11D0-8D11-00A0C91BC942}") = "MaskedColorViewer-SFML", "sfml\MaskedColorViewer-SFML\MaskedColorViewer-SFML.vcxproj", "{8A0147B8-D936-342D-9CF7-FCE775319F19}"
	ProjectSection(ProjectDependencies) = postProject
		{51C927C7-43D8-45E9-ABA1-036682A3FF1B} = {51C927C7-43D8-45E9-ABA1-036682A3FF1B}
	EndProjectSection
EndProject
Project("{8BC9CEB8-8B4A-11D0-8D11-00A0C91BC942}") = "MultiSensorViewer-SFML", "sfml\MultiSensorViewer-SFML\MultiSensorViewer-SFML.vcxproj", "{DD159B36-A801-3BF5-89ED-58913DA39B26}"
	ProjectSection(ProjectDependencies) = postProject
		{51C927C7-43D8-45E9-ABA1-036682A3FF1B} = {51C927C7-43D8-45E9-ABA1-036682A3FF1B}
	EndProjectSection
EndProject
Project("{8BC9CEB8-8B4A-11D0-8D11-00A0C91BC942}") = "RotatedBodyViewer-SFML", "sfml\RotatedBodyViewer-SFML\RotatedBodyViewer-SFML.vcxproj", "{95034765-0B1B-3FC4-964B-D74A00E60A20}"
	ProjectSection(ProjectDependencies) = postProject
		{51C927C7-43D8-45E9-ABA1-036682A3FF1B} = {51C927C7-43D8-45E9-ABA1-036682A3FF1B}
	EndProjectSection
EndProject
Project("{8BC9CEB8-8B4A-11D0-8D11-00A0C91BC942}") = "SimpleBodyViewer-SFML", "sfml\SimpleBodyViewer-SFML\SimpleBodyViewer-SFML.vcxproj", "{ECF38043-FD6C-3D13-87A1-477B442986B7}"
	ProjectSection(ProjectDependencies) = postProject
		{51C927C7-43D8-45E9-ABA1-036682A3FF1B} = {51C927C7-43D8-45E9-ABA1-036682A3FF1B}
	EndProjectSection
EndProject
Project("{8BC9CEB8-8B4A-11D0-8D11-00A0C91BC942}") = "SimpleColorViewer-SFML", "sfml\SimpleColorViewer-SFML\SimpleColorViewer-SFML.vcxproj", "{395840F7-5DDA-36EE-9490-AF6F602C4554}"
	ProjectSection(ProjectDependencies) = postProject
		{51C927C7-43D8-45E9-ABA1-036682A3FF1B} = {51C927C7-43D8-45E9-ABA1-036682A3FF1B}
	EndProjectSection
EndProject
Project("{8BC9CEB8-8B4A-11D0-8D11-00A0C91BC942}") = "SimpleDepthViewer-SFML", "sfml\SimpleDepthViewer-SFML\SimpleDepthViewer-SFML.vcxproj", "{0230EAF2-8290-3C50-BA0A-40F31398782D}"
	ProjectSection(ProjectDependencies) = postProject
		{51C927C7-43D8-45E9-ABA1-036682A3FF1B} = {51C927C7-43D8-45E9-ABA1-036682A3FF1B}
	EndProjectSection
EndProject
Project("{8BC9CEB8-8B4A-11D0-8D11-00A0C91BC942}") = "SimpleStreamViewer-SFML", "sfml\SimpleStreamViewer-SFML\SimpleStreamViewer-SFML.vcxproj", "{5D0EF95B-A423-35EA-A94B-4FA4F3059AB4}"
	ProjectSection(ProjectDependencies) = postProject
		{51C927C7-43D8-45E9-ABA1-036682A3FF1B} = {51C927C7-43D8-45E9-ABA1-036682A3FF1B}
	EndProjectSection
EndProject
Section
EndProject
Global
	GlobalSection(SolutionConfigurationPlatforms) = preSolution
		Debug|x64 = Debug|x64
		Release|x64 = Release|x64
	EndGlobalSection
	GlobalSection(ProjectConfigurationPlatforms) = postSolution
		{CD18C883-1F1B-4DE7-B2DB-A0F2515F7EAB}.Debug|x64.ActiveCfg = Debug|x64
		{CD18C883-1F1B-4DE7-B2DB-A0F2515F7EAB}.Release|x64.ActiveCfg = Release|x64
		{8F46A774-3841-3C1A-9EC5-73C123ABB050}.Debug|x64.ActiveCfg = Debug|x64
		{8F46A774-3841-3C1A-9EC5-73C123ABB050}.Debug|x64.Build.0 = Debug|x64
		{8F46A774-3841-3C1A-9EC5-73C123ABB050}.Release|x64.ActiveCfg = Release|x64
		{8F46A774-3841-3C1A-9EC5-73C123ABB050}.Release|x64.Build.0 = Release|x64
		{0D93A8D3-155E-30CC-8F53-6E87B9EE4E0C}.Debug|x64.ActiveCfg = Debug|x64
		{0D93A8D3-155E-30CC-8F53-6E87B9EE4E0C}.Debug|x64.Build.0 = Debug|x64
		{0D93A8D3-155E-30CC-8F53-6E87B9EE4E0C}.Release|x64.ActiveCfg = Release|x64
		{0D93A8D3-155E-30CC-8F53-6E87B9EE4E0C}.Release|x64.Build.0 = Release|x64
		{F113F28A-7634-3DE5-94A4-6B57302F1346}.Debug|x64.ActiveCfg = Debug|x64
		{F113F28A-7634-3DE5-94A4-6B57302F1346}.Debug|x64.Build.0 = Debug|x64
		{F113F28A-7634-3DE5-94A4-6B57302F1346}.Release|x64.ActiveCfg = Release|x64
		{F113F28A-7634-3DE5-94A4-6B57302F1346}.Release|x64.Build.0 = Release|x64
		{A9B90FE1-BE9C-3DD3-9A25-B6EA282DF7A4}.Debug|x64.ActiveCfg = Debug|x64
		{A9B90FE1-BE9C-3DD3-9A25-B6EA282DF7A4}.Debug|x64.Build.0 = Debug|x64
		{A9B90FE1-BE9C-3DD3-9A25-B6EA282DF7A4}.Release|x64.ActiveCfg = Release|x64
		{A9B90FE1-BE9C-3DD3-9A25-B6EA282DF7A4}.Release|x64.Build.0 = Release|x64
		{76148C40-7141-3987-82CE-4277CDAE6C21}.Debug|x64.ActiveCfg = Debug|x64
		{76148C40-7141-3987-82CE-4277CDAE6C21}.Debug|x64.Build.0 = Debug|x64
		{76148C40-7141-3987-82CE-4277CDAE6C21}.Release|x64.ActiveCfg = Release|x64
		{76148C40-7141-3987-82CE-4277CDAE6C21}.Release|x64.Build.0 = Release|x64
		{93CAF843-DAF9-4F83-B54A-5540ACF9DD42}.Debug|x64.ActiveCfg = Debug|x64
		{93CAF843-DAF9-4F83-B54A-5540ACF9DD42}.Debug|x64.Build.0 = Debug|x64
		{93CAF843-DAF9-4F83-B54A-5540ACF9DD42}.Release|x64.ActiveCfg = Release|x64
		{93CAF843-DAF9-4F83-B54A-5540ACF9DD42}.Release|x64.Build.0 = Release|x64
		{48562640-DF15-3BBA-B2D0-165AA7A07EA8}.Debug|x64.ActiveCfg = Debug|x64
		{48562640-DF15-3BBA-B2D0-165AA7A07EA8}.Debug|x64.Build.0 = Debug|x64
		{48562640-DF15-3BBA-B2D0-165AA7A07EA8}.Release|x64.ActiveCfg = Release|x64
		{48562640-DF15-3BBA-B2D0-165AA7A07EA8}.Release|x64.Build.0 = Release|x64
		{126FABAF-D545-33CE-B941-27D39B8F61C7}.Debug|x64.ActiveCfg = Debug|x64
		{126FABAF-D545-33CE-B941-27D39B8F61C7}.Debug|x64.Build.0 = Debug|x64
		{126FABAF-D545-33CE-B941-27D39B8F61C7}.Release|x64.ActiveCfg = Release|x64
		{126FABAF-D545-33CE-B941-27D39B8F61C7}.Release|x64.Build.0 = Release|x64
		{C3B9DA8D-C7F2-3CCA-8942-828A9266B6F8}.Debug|x64.ActiveCfg = Debug|x64
		{C3B9DA8D-C7F2-3CCA-8942-828A9266B6F8}.Debug|x64.Build.0 = Debug|x64
		{C3B9DA8D-C7F2-3CCA-8942-828A9266B6F8}.Release|x64.ActiveCfg = Release|x64
		{C3B9DA8D-C7F2-3CCA-8942-828A9266B6F8}.Release|x64.Build.0 = Release|x64
		{39970281-6DB9-3039-B82C-2B32E9DD2D7E}.Debug|x64.ActiveCfg = Debug|x64
		{39970281-6DB9-3039-B82C-2B32E9DD2D7E}.Debug|x64.Build.0 = Debug|x64
		{39970281-6DB9-3039-B82C-2B32E9DD2D7E}.Release|x64.ActiveCfg = Release|x64
		{39970281-6DB9-3039-B82C-2B32E9DD2D7E}.Release|x64.Build.0 = Release|x64
		{8A0147B8-D936-342D-9CF7-FCE775319F19}.Debug|x64.ActiveCfg = Debug|x64
		{8A0147B8-D936-342D-9CF7-FCE775319F19}.Debug|x64.Build.0 = Debug|x64
		{8A0147B8-D936-342D-9CF7-FCE775319F19}.Release|x64.ActiveCfg = Release|x64
		{8A0147B8-D936-342D-9CF7-FCE775319F19}.Release|x64.Build.0 = Release|x64
		{DD159B36-A801-3BF5-89ED-58913DA39B26}.Debug|x64.ActiveCfg = Debug|x64
		{DD159B36-A801-3BF5-89ED-58913DA39B26}.Debug|x64.Build.0 = Debug|x64
		{DD159B36-A801-3BF5-89ED-58913DA39B26}.Release|x64.ActiveCfg = Release|x64
		{DD159B36-A801-3BF5-89ED-58913DA39B26}.Release|x64.Build.0 = Release|x64
		{95034765-0B1B-3FC4-964B-D74A00E60A20}.Debug|x64.ActiveCfg = Debug|x64
		{95034765-0B1B-3FC4-964B-D74A00E60A20}.Debug|x64.Build.0 = Debug|x64
		{95034765-0B1B-3FC4-964B-D74A00E60A20}.Release|x64.ActiveCfg = Release|x64
		{95034765-0B1B-3FC4-964B-D74A00E60A20}.Release|x64.Build.0 = Release|x64
		{ECF38043-FD6C-3D13-87A1-477B442986B7}.Debug|x64.ActiveCfg = Debug|x64
		{ECF38043-FD6C-3D13-87A1-477B442986B7}.Debug|x64.Build.0 = Debug|x64
		{ECF38043-FD6C-3D13-87A1-477B442986B7}.Release|x64.ActiveCfg = Release|x64
		{ECF38043-FD6C-3D13-87A1-477B442986B7}.Release|x64.Build.0 = Release|x64
		{395840F7-5DDA-36EE-9490-AF6F602C4554}.Debug|x64.ActiveCfg = Debug|x64
		{395840F7-5DDA-36EE-9490-AF6F602C4554}.Debug|x64.Build.0 = Debug|x64
		{395840F7-5DDA-36EE-9490-AF6F602C4554}.Release|x64.ActiveCfg = Release|x64
		{395840F7-5DDA-36EE-9490-AF6F602C4554}.Release|x64.Build.0 = Release|x64
		{0230EAF2-8290-3C50-BA0A-40F31398782D}.Debug|x64.ActiveCfg = Debug|x64
		{0230EAF2-8290-3C50-BA0A-40F31398782D}.Debug|x64.Build.0 = Debug|x64
		{0230EAF2-8290-3C50-BA0A-40F31398782D}.Release|x64.ActiveCfg = Release|x64
		{0230EAF2-8290-3C50-BA0A-40F31398782D}.Release|x64.Build.0 = Release|x64
		{5D0EF95B-A423-35EA-A94B-4FA4F3059AB4}.Debug|x64.ActiveCfg = Debug|x64
		{5D0EF95B-A423-35EA-A94B-4FA4F3059AB4}.Debug|x64.Build.0 = Debug|x64
		{5D0EF95B-A423-35EA-A94B-4FA4F3059AB4}.Release|x64.ActiveCfg = Release|x64
		{5D0EF95B-A423-35EA-A94B-4FA4F3059AB4}.Release|x64.Build.0 = Release|x64
		{51C927C7-43D8-45E9-ABA1-036682A3FF1B}.Debug|x64.ActiveCfg = Debug|x64
		{51C927C7-43D8-45E9-ABA1-036682A3FF1B}.Debug|x64.Build.0 = Debug|x64
		{51C927C7-43D8-45E9-ABA1-036682A3FF1B}.Release|x64.ActiveCfg = Release|x64
		{51C927C7-43D8-45E9-ABA1-036682A3FF1B}.Release|x64.Build.0 = Release|x64
	EndGlobalSection
	GlobalSection(NestedProjects) = preSolution
		{CD18C883-1F1B-4DE7-B2DB-A0F2515F7EAB} = {3B4E21D4-A008-3CA1-9D88-08AF0A38B0EF}
		{51C927C7-43D8-45E9-ABA1-036682A3FF1B} = {3B4E21D4-A008-3CA1-9D88-08AF0A38B0EF}
		{8F46A774-3841-3C1A-9EC5-73C123ABB050} = {34201539-A9E0-366C-98E3-867E65FDDBF5}
		{0D93A8D3-155E-30CC-8F53-6E87B9EE4E0C} = {34201539-A9E0-366C-98E3-867E65FDDBF5}
		{A9B90FE1-BE9C-3DD3-9A25-B6EA282DF7A4} = {34201539-A9E0-366C-98E3-867E65FDDBF5}
		{93CAF843-DAF9-4F83-B54A-5540ACF9DD42} = {34201539-A9E0-366C-98E3-867E65FDDBF5}
		{126FABAF-D545-33CE-B941-27D39B8F61C7} = {34201539-A9E0-366C-98E3-867E65FDDBF5}
		{C3B9DA8D-C7F2-3CCA-8942-828A9266B6F8} = {34201539-A9E0-366C-98E3-867E65FDDBF5}
		{39970281-6DB9-3039-B82C-2B32E9DD2D7E} = {34201539-A9E0-366C-98E3-867E65FDDBF5}
		{F113F28A-7634-3DE5-94A4-6B57302F1346} = {343EE44C-6CA5-30A6-82B2-2AF8EEFC9CEE}
		{48562640-DF15-3BBA-B2D0-165AA7A07EA8} = {343EE44C-6CA5-30A6-82B2-2AF8EEFC9CEE}
		{76148C40-7141-3987-82CE-4277CDAE6C21} = {BD29F6A7-4A56-328C-B394-30CFE5403DDD}
		{8A0147B8-D936-342D-9CF7-FCE775319F19} = {BD29F6A7-4A56-328C-B394-30CFE5403DDD}
		{DD159B36-A801-3BF5-89ED-58913DA39B26} = {BD29F6A7-4A56-328C-B394-30CFE5403DDD}
		{95034765-0B1B-3FC4-964B-D74A00E60A20} = {BD29F6A7-4A56-328C-B394-30CFE5403DDD}
		{ECF38043-FD6C-3D13-87A1-477B442986B7} = {BD29F6A7-4A56-328C-B394-30CFE5403DDD}
		{395840F7-5DDA-36EE-9490-AF6F602C4554} = {BD29F6A7-4A56-328C-B394-30CFE5403DDD}
		{0230EAF2-8290-3C50-BA0A-40F31398782D} = {BD29F6A7-4A56-328C-B394-30CFE5403DDD}
		{5D0EF95B-A423-35EA-A94B-4FA4F3059AB4} = {BD29F6A7-4A56-328C-B394-30CFE5403DDD}
	EndGlobalSection
	GlobalSection(ExtensibilityGlobals) = postSolution
		SolutionGuid = {946AEC73-81D3-3F1A-B121-BD97E2273FF0}
	EndGlobalSection
	GlobalSection(ExtensibilityAddIns) = postSolution
	EndGlobalSection
EndGlobal